# This file is autogenerated, do not edit; changes may be undone by the next 'dep ensure'.


[[projects]]
  name = "github.com/davecgh/go-spew"
  packages = ["spew"]
  revision = "346938d642f2ec3594ed81d874461961cd0faa76"
  version = "v1.1.0"

[[projects]]
  name = "github.com/gotoxu/assert"
  packages = ["."]
  revision = "14269c482f0950fe38a41b49c7884f41c4efcc6f"
  version = "1.1"

[solve-meta]
  analyzer-name = "dep"
  analyzer-version = 1
  inputs-digest = "adc324c59bfe673fe12edc6adb48316199cef17d01db7e99b0c566eb36a626b6"
  solver-name = "gps-cdcl"
  solver-version = 1
